// !$*UTF8*$!
{
	archiveVersion = 1;
	classes = {
	};
	objectVersion = 56;
	objects = {

/* Begin PBXBuildFile section */
		D3B83BF12B1632B5002BFE80 /* router_swiftuiApp.swift in Sources */ = {isa = PBXBuildFile; fileRef = D3B83BF02B1632B5002BFE80 /* router_swiftuiApp.swift */; };
		D3B83BF32B1632B5002BFE80 /* ContentView.swift in Sources */ = {isa = PBXBuildFile; fileRef = D3B83BF22B1632B5002BFE80 /* ContentView.swift */; };
		D3B83BF52B1632B6002BFE80 /* Assets.xcassets in Resources */ = {isa = PBXBuildFile; fileRef = D3B83BF42B1632B6002BFE80 /* Assets.xcassets */; };
		D3B83BF82B1632B6002BFE80 /* Preview Assets.xcassets in Resources */ = {isa = PBXBuildFile; fileRef = D3B83BF72B1632B6002BFE80 /* Preview Assets.xcassets */; };
		D3B83C022B1632B6002BFE80 /* router_swiftuiTests.swift in Sources */ = {isa = PBXBuildFile; fileRef = D3B83C012B1632B6002BFE80 /* router_swiftuiTests.swift */; };
		D3B83C0C2B1632B6002BFE80 /* router_swiftuiUITests.swift in Sources */ = {isa = PBXBuildFile; fileRef = D3B83C0B2B1632B6002BFE80 /* router_swiftuiUITests.swift */; };
		D3B83C0E2B1632B6002BFE80 /* router_swiftuiUITestsLaunchTests.swift in Sources */ = {isa = PBXBuildFile; fileRef = D3B83C0D2B1632B6002BFE80 /* router_swiftuiUITestsLaunchTests.swift */; };
/* End PBXBuildFile section */

/* Begin PBXContainerItemProxy section */
		D3B83BFE2B1632B6002BFE80 /* PBXContainerItemProxy */ = {
			isa = PBXContainerItemProxy;
			containerPortal = D3B83BE52B1632B5002BFE80 /* Project object */;
			proxyType = 1;
			remoteGlobalIDString = D3B83BEC2B1632B5002BFE80;
			remoteInfo = "router-swiftui";
		};
		D3B83C082B1632B6002BFE80 /* PBXContainerItemProxy */ = {
			isa = PBXContainerItemProxy;
			containerPortal = D3B83BE52B1632B5002BFE80 /* Project object */;
			proxyType = 1;
			remoteGlobalIDString = D3B83BEC2B1632B5002BFE80;
			remoteInfo = "router-swiftui";
		};
/* End PBXContainerItemProxy section */

/* Begin PBXFileReference section */
		D3B83BED2B1632B5002BFE80 /* router-swiftui.app */ = {isa = PBXFileReference; explicitFileType = wrapper.application; includeInIndex = 0; path = "router-swiftui.app"; sourceTree = BUILT_PRODUCTS_DIR; };
		D3B83BF02B1632B5002BFE80 /* router_swiftuiApp.swift */ = {isa = PBXFileReference; lastKnownFileType = sourcecode.swift; path = router_swiftuiApp.swift; sourceTree = "<group>"; };
		D3B83BF22B1632B5002BFE80 /* ContentView.swift */ = {isa = PBXFileReference; lastKnownFileType = sourcecode.swift; path = ContentView.swift; sourceTree = "<group>"; };
		D3B83BF42B1632B6002BFE80 /* Assets.xcassets */ = {isa = PBXFileReference; lastKnownFileType = folder.assetcatalog; path = Assets.xcassets; sourceTree = "<group>"; };
		D3B83BF72B1632B6002BFE80 /* Preview Assets.xcassets */ = {isa = PBXFileReference; lastKnownFileType = folder.assetcatalog; path = "Preview Assets.xcassets"; sourceTree = "<group>"; };
		D3B83BFD2B1632B6002BFE80 /* router-swiftuiTests.xctest */ = {isa = PBXFileReference; explicitFileType = wrapper.cfbundle; includeInIndex = 0; path = "router-swiftuiTests.xctest"; sourceTree = BUILT_PRODUCTS_DIR; };
		D3B83C012B1632B6002BFE80 /* router_swiftuiTests.swift */ = {isa = PBXFileReference; lastKnownFileType = sourcecode.swift; path = router_swiftuiTests.swift; sourceTree = "<group>"; };
		D3B83C072B1632B6002BFE80 /* router-swiftuiUITests.xctest */ = {isa = PBXFileReference; explicitFileType = wrapper.cfbundle; includeInIndex = 0; path = "router-swiftuiUITests.xctest"; sourceTree = BUILT_PRODUCTS_DIR; };
		D3B83C0B2B1632B6002BFE80 /* router_swiftuiUITests.swift */ = {isa = PBXFileReference; lastKnownFileType = sourcecode.swift; path = router_swiftuiUITests.swift; sourceTree = "<group>"; };
		D3B83C0D2B1632B6002BFE80 /* router_swiftuiUITestsLaunchTests.swift */ = {isa = PBXFileReference; lastKnownFileType = sourcecode.swift; path = router_swiftuiUITestsLaunchTests.swift; sourceTree = "<group>"; };
/* End PBXFileReference section */

/* Begin PBXFrameworksBuildPhase section */
		D3B83BEA2B1632B5002BFE80 /* Frameworks */ = {
			isa = PBXFrameworksBuildPhase;
			buildActionMask = 2147483647;
			files = (
			);
			runOnlyForDeploymentPostprocessing = 0;
		};
		D3B83BFA2B1632B6002BFE80 /* Frameworks */ = {
			isa = PBXFrameworksBuildPhase;
			buildActionMask = 2147483647;
			files = (
			);
			runOnlyForDeploymentPostprocessing = 0;
		};
		D3B83C042B1632B6002BFE80 /* Frameworks */ = {
			isa = PBXFrameworksBuildPhase;
			buildActionMask = 2147483647;
			files = (
			);
			runOnlyForDeploymentPostprocessing = 0;
		};
/* End PBXFrameworksBuildPhase section */

/* Begin PBXGroup section */
		D3B83BE42B1632B5002BFE80 = {
			isa = PBXGroup;
			children = (
				D3B83BEF2B1632B5002BFE80 /* router-swiftui */,
				D3B83C002B1632B6002BFE80 /* router-swiftuiTests */,
				D3B83C0A2B1632B6002BFE80 /* router-swiftuiUITests */,
				D3B83BEE2B1632B5002BFE80 /* Products */,
			);
			sourceTree = "<group>";
		};
		D3B83BEE2B1632B5002BFE80 /* Products */ = {
			isa = PBXGroup;
			children = (
				D3B83BED2B1632B5002BFE80 /* router-swiftui.app */,
				D3B83BFD2B1632B6002BFE80 /* router-swiftuiTests.xctest */,
				D3B83C072B1632B6002BFE80 /* router-swiftuiUITests.xctest */,
			);
			name = Products;
			sourceTree = "<group>";
		};
		D3B83BEF2B1632B5002BFE80 /* router-swiftui */ = {
			isa = PBXGroup;
			children = (
				D3B83BF02B1632B5002BFE80 /* router_swiftuiApp.swift */,
				D3B83BF22B1632B5002BFE80 /* ContentView.swift */,
				D3B83BF42B1632B6002BFE80 /* Assets.xcassets */,
				D3B83BF62B1632B6002BFE80 /* Preview Content */,
			);
			path = "router-swiftui";
			sourceTree = "<group>";
		};
		D3B83BF62B1632B6002BFE80 /* Preview Content */ = {
			isa = PBXGroup;
			children = (
				D3B83BF72B1632B6002BFE80 /* Preview Assets.xcassets */,
			);
			path = "Preview Content";
			sourceTree = "<group>";
		};
		D3B83C002B1632B6002BFE80 /* router-swiftuiTests */ = {
			isa = PBXGroup;
			children = (
				D3B83C012B1632B6002BFE80 /* router_swiftuiTests.swift */,
			);
			path = "router-swiftuiTests";
			sourceTree = "<group>";
		};
		D3B83C0A2B1632B6002BFE80 /* router-swiftuiUITests */ = {
			isa = PBXGroup;
			children = (
				D3B83C0B2B1632B6002BFE80 /* router_swiftuiUITests.swift */,
				D3B83C0D2B1632B6002BFE80 /* router_swiftuiUITestsLaunchTests.swift */,
			);
			path = "router-swiftuiUITests";
			sourceTree = "<group>";
		};
/* End PBXGroup section */

/* Begin PBXNativeTarget section */
		D3B83BEC2B1632B5002BFE80 /* router-swiftui */ = {
			isa = PBXNativeTarget;
			buildConfigurationList = D3B83C112B1632B6002BFE80 /* Build configuration list for PBXNativeTarget "router-swiftui" */;
			buildPhases = (
				D3B83BE92B1632B5002BFE80 /* Sources */,
				D3B83BEA2B1632B5002BFE80 /* Frameworks */,
				D3B83BEB2B1632B5002BFE80 /* Resources */,
			);
			buildRules = (
			);
			dependencies = (
			);
			name = "router-swiftui";
			productName = "router-swiftui";
			productReference = D3B83BED2B1632B5002BFE80 /* router-swiftui.app */;
			productType = "com.apple.product-type.application";
		};
		D3B83BFC2B1632B6002BFE80 /* router-swiftuiTests */ = {
			isa = PBXNativeTarget;
			buildConfigurationList = D3B83C142B1632B6002BFE80 /* Build configuration list for PBXNativeTarget "router-swiftuiTests" */;
			buildPhases = (
				D3B83BF92B1632B6002BFE80 /* Sources */,
				D3B83BFA2B1632B6002BFE80 /* Frameworks */,
				D3B83BFB2B1632B6002BFE80 /* Resources */,
			);
			buildRules = (
			);
			dependencies = (
				D3B83BFF2B1632B6002BFE80 /* PBXTargetDependency */,
			);
			name = "router-swiftuiTests";
			productName = "router-swiftuiTests";
			productReference = D3B83BFD2B1632B6002BFE80 /* router-swiftuiTests.xctest */;
			productType = "com.apple.product-type.bundle.unit-test";
		};
		D3B83C062B1632B6002BFE80 /* router-swiftuiUITests */ = {
			isa = PBXNativeTarget;
			buildConfigurationList = D3B83C172B1632B6002BFE80 /* Build configuration list for PBXNativeTarget "router-swiftuiUITests" */;
			buildPhases = (
				D3B83C032B1632B6002BFE80 /* Sources */,
				D3B83C042B1632B6002BFE80 /* Frameworks */,
				D3B83C052B1632B6002BFE80 /* Resources */,
			);
			buildRules = (
			);
			dependencies = (
				D3B83C092B1632B6002BFE80 /* PBXTargetDependency */,
			);
			name = "router-swiftuiUITests";
			productName = "router-swiftuiUITests";
			productReference = D3B83C072B1632B6002BFE80 /* router-swiftuiUITests.xctest */;
			productType = "com.apple.product-type.bundle.ui-testing";
		};
/* End PBXNativeTarget section */

/* Begin PBXProject section */
		D3B83BE52B1632B5002BFE80 /* Project object */ = {
			isa = PBXProject;
			attributes = {
				BuildIndependentTargetsInParallel = 1;
				LastSwiftUpdateCheck = 1500;
				LastUpgradeCheck = 1500;
				TargetAttributes = {
					D3B83BEC2B1632B5002BFE80 = {
						CreatedOnToolsVersion = 15.0.1;
					};
					D3B83BFC2B1632B6002BFE80 = {
						CreatedOnToolsVersion = 15.0.1;
						TestTargetID = D3B83BEC2B1632B5002BFE80;
					};
					D3B83C062B1632B6002BFE80 = {
						CreatedOnToolsVersion = 15.0.1;
						TestTargetID = D3B83BEC2B1632B5002BFE80;
					};
				};
			};
			buildConfigurationList = D3B83BE82B1632B5002BFE80 /* Build configuration list for PBXProject "router-swiftui" */;
			compatibilityVersion = "Xcode 14.0";
			developmentRegion = en;
			hasScannedForEncodings = 0;
			knownRegions = (
				en,
				Base,
			);
			mainGroup = D3B83BE42B1632B5002BFE80;
			productRefGroup = D3B83BEE2B1632B5002BFE80 /* Products */;
			projectDirPath = "";
			projectRoot = "";
			targets = (
				D3B83BEC2B1632B5002BFE80 /* router-swiftui */,
				D3B83BFC2B1632B6002BFE80 /* router-swiftuiTests */,
				D3B83C062B1632B6002BFE80 /* router-swiftuiUITests */,
			);
		};
/* End PBXProject section */

/* Begin PBXResourcesBuildPhase section */
		D3B83BEB2B1632B5002BFE80 /* Resources */ = {
			isa = PBXResourcesBuildPhase;
			buildActionMask = 2147483647;
			files = (
				D3B83BF82B1632B6002BFE80 /* Preview Assets.xcassets in Resources */,
				D3B83BF52B1632B6002BFE80 /* Assets.xcassets in Resources */,
			);
			runOnlyForDeploymentPostprocessing = 0;
		};
		D3B83BFB2B1632B6002BFE80 /* Resources */ = {
			isa = PBXResourcesBuildPhase;
			buildActionMask = 2147483647;
			files = (
			);
			runOnlyForDeploymentPostprocessing = 0;
		};
		D3B83C052B1632B6002BFE80 /* Resources */ = {
			isa = PBXResourcesBuildPhase;
			buildActionMask = 2147483647;
			files = (
			);
			runOnlyForDeploymentPostprocessing = 0;
		};
/* End PBXResourcesBuildPhase section */

/* Begin PBXSourcesBuildPhase section */
		D3B83BE92B1632B5002BFE80 /* Sources */ = {
			isa = PBXSourcesBuildPhase;
			buildActionMask = 2147483647;
			files = (
				D3B83BF32B1632B5002BFE80 /* ContentView.swift in Sources */,
				D3B83BF12B1632B5002BFE80 /* router_swiftuiApp.swift in Sources */,
			);
			runOnlyForDeploymentPostprocessing = 0;
		};
		D3B83BF92B1632B6002BFE80 /* Sources */ = {
			isa = PBXSourcesBuildPhase;
			buildActionMask = 2147483647;
			files = (
				D3B83C022B1632B6002BFE80 /* router_swiftuiTests.swift in Sources */,
			);
			runOnlyForDeploymentPostprocessing = 0;
		};
		D3B83C032B1632B6002BFE80 /* Sources */ = {
			isa = PBXSourcesBuildPhase;
			buildActionMask = 2147483647;
			files = (
				D3B83C0C2B1632B6002BFE80 /* router_swiftuiUITests.swift in Sources */,
				D3B83C0E2B1632B6002BFE80 /* router_swiftuiUITestsLaunchTests.swift in Sources */,
			);
			runOnlyForDeploymentPostprocessing = 0;
		};
/* End PBXSourcesBuildPhase section */

/* Begin PBXTargetDependency section */
		D3B83BFF2B1632B6002BFE80 /* PBXTargetDependency */ = {
			isa = PBXTargetDependency;
			target = D3B83BEC2B1632B5002BFE80 /* router-swiftui */;
			targetProxy = D3B83BFE2B1632B6002BFE80 /* PBXContainerItemProxy */;
		};
		D3B83C092B1632B6002BFE80 /* PBXTargetDependency */ = {
			isa = PBXTargetDependency;
			target = D3B83BEC2B1632B5002BFE80 /* router-swiftui */;
			targetProxy = D3B83C082B1632B6002BFE80 /* PBXContainerItemProxy */;
		};
/* End PBXTargetDependency section */

/* Begin XCBuildConfiguration section */
		D3B83C0F2B1632B6002BFE80 /* Debug */ = {
			isa = XCBuildConfiguration;
			buildSettings = {
				ALWAYS_SEARCH_USER_PATHS = NO;
				ASSETCATALOG_COMPILER_GENERATE_SWIFT_ASSET_SYMBOL_EXTENSIONS = YES;
				CLANG_ANALYZER_NONNULL = YES;
				CLANG_ANALYZER_NUMBER_OBJECT_CONVERSION = YES_AGGRESSIVE;
				CLANG_CXX_LANGUAGE_STANDARD = "gnu++20";
				CLANG_ENABLE_MODULES = YES;
				CLANG_ENABLE_OBJC_ARC = YES;
				CLANG_ENABLE_OBJC_WEAK = YES;
				CLANG_WARN_BLOCK_CAPTURE_AUTORELEASING = YES;
				CLANG_WARN_BOOL_CONVERSION = YES;
				CLANG_WARN_COMMA = YES;
				CLANG_WARN_CONSTANT_CONVERSION = YES;
				CLANG_WARN_DEPRECATED_OBJC_IMPLEMENTATIONS = YES;
				CLANG_WARN_DIRECT_OBJC_ISA_USAGE = YES_ERROR;
				CLANG_WARN_DOCUMENTATION_COMMENTS = YES;
				CLANG_WARN_EMPTY_BODY = YES;
				CLANG_WARN_ENUM_CONVERSION = YES;
				CLANG_WARN_INFINITE_RECURSION = YES;
				CLANG_WARN_INT_CONVERSION = YES;
				CLANG_WARN_NON_LITERAL_NULL_CONVERSION = YES;
				CLANG_WARN_OBJC_IMPLICIT_RETAIN_SELF = YES;
				CLANG_WARN_OBJC_LITERAL_CONVERSION = YES;
				CLANG_WARN_OBJC_ROOT_CLASS = YES_ERROR;
				CLANG_WARN_QUOTED_INCLUDE_IN_FRAMEWORK_HEADER = YES;
				CLANG_WARN_RANGE_LOOP_ANALYSIS = YES;
				CLANG_WARN_STRICT_PROTOTYPES = YES;
				CLANG_WARN_SUSPICIOUS_MOVE = YES;
				CLANG_WARN_UNGUARDED_AVAILABILITY = YES_AGGRESSIVE;
				CLANG_WARN_UNREACHABLE_CODE = YES;
				CLANG_WARN__DUPLICATE_METHOD_MATCH = YES;
				COPY_PHASE_STRIP = NO;
				DEBUG_INFORMATION_FORMAT = dwarf;
				ENABLE_STRICT_OBJC_MSGSEND = YES;
				ENABLE_TESTABILITY = YES;
				ENABLE_USER_SCRIPT_SANDBOXING = YES;
				GCC_C_LANGUAGE_STANDARD = gnu17;
				GCC_DYNAMIC_NO_PIC = NO;
				GCC_NO_COMMON_BLOCKS = YES;
				GCC_OPTIMIZATION_LEVEL = 0;
				GCC_PREPROCESSOR_DEFINITIONS = (
					"DEBUG=1",
					"$(inherited)",
				);
				GCC_WARN_64_TO_32_BIT_CONVERSION = YES;
				GCC_WARN_ABOUT_RETURN_TYPE = YES_ERROR;
				GCC_WARN_UNDECLARED_SELECTOR = YES;
				GCC_WARN_UNINITIALIZED_AUTOS = YES_AGGRESSIVE;
				GCC_WARN_UNUSED_FUNCTION = YES;
				GCC_WARN_UNUSED_VARIABLE = YES;
				IPHONEOS_DEPLOYMENT_TARGET = 17.0;
				LOCALIZATION_PREFERS_STRING_CATALOGS = YES;
				MTL_ENABLE_DEBUG_INFO = INCLUDE_SOURCE;
				MTL_FAST_MATH = YES;
				ONLY_ACTIVE_ARCH = YES;
				SDKROOT = iphoneos;
				SWIFT_ACTIVE_COMPILATION_CONDITIONS = "DEBUG $(inherited)";
				SWIFT_OPTIMIZATION_LEVEL = "-Onone";
			};
			name = Debug;
		};
		D3B83C102B1632B6002BFE80 /* Release */ = {
			isa = XCBuildConfiguration;
			buildSettings = {
				ALWAYS_SEARCH_USER_PATHS = NO;
				ASSETCATALOG_COMPILER_GENERATE_SWIFT_ASSET_SYMBOL_EXTENSIONS = YES;
				CLANG_ANALYZER_NONNULL = YES;
				CLANG_ANALYZER_NUMBER_OBJECT_CONVERSION = YES_AGGRESSIVE;
				CLANG_CXX_LANGUAGE_STANDARD = "gnu++20";
				CLANG_ENABLE_MODULES = YES;
				CLANG_ENABLE_OBJC_ARC = YES;
				CLANG_ENABLE_OBJC_WEAK = YES;
				CLANG_WARN_BLOCK_CAPTURE_AUTORELEASING = YES;
				CLANG_WARN_BOOL_CONVERSION = YES;
				CLANG_WARN_COMMA = YES;
				CLANG_WARN_CONSTANT_CONVERSION = YES;
				CLANG_WARN_DEPRECATED_OBJC_IMPLEMENTATIONS = YES;
				CLANG_WARN_DIRECT_OBJC_ISA_USAGE = YES_ERROR;
				CLANG_WARN_DOCUMENTATION_COMMENTS = YES;
				CLANG_WARN_EMPTY_BODY = YES;
				CLANG_WARN_ENUM_CONVERSION = YES;
				CLANG_WARN_INFINITE_RECURSION = YES;
				CLANG_WARN_INT_CONVERSION = YES;
				CLANG_WARN_NON_LITERAL_NULL_CONVERSION = YES;
				CLANG_WARN_OBJC_IMPLICIT_RETAIN_SELF = YES;
				CLANG_WARN_OBJC_LITERAL_CONVERSION = YES;
				CLANG_WARN_OBJC_ROOT_CLASS = YES_ERROR;
				CLANG_WARN_QUOTED_INCLUDE_IN_FRAMEWORK_HEADER = YES;
				CLANG_WARN_RANGE_LOOP_ANALYSIS = YES;
				CLANG_WARN_STRICT_PROTOTYPES = YES;
				CLANG_WARN_SUSPICIOUS_MOVE = YES;
				CLANG_WARN_UNGUARDED_AVAILABILITY = YES_AGGRESSIVE;
				CLANG_WARN_UNREACHABLE_CODE = YES;
				CLANG_WARN__DUPLICATE_METHOD_MATCH = YES;
				COPY_PHASE_STRIP = NO;
				DEBUG_INFORMATION_FORMAT = "dwarf-with-dsym";
				ENABLE_NS_ASSERTIONS = NO;
				ENABLE_STRICT_OBJC_MSGSEND = YES;
				ENABLE_USER_SCRIPT_SANDBOXING = YES;
				GCC_C_LANGUAGE_STANDARD = gnu17;
				GCC_NO_COMMON_BLOCKS = YES;
				GCC_WARN_64_TO_32_BIT_CONVERSION = YES;
				GCC_WARN_ABOUT_RETURN_TYPE = YES_ERROR;
				GCC_WARN_UNDECLARED_SELECTOR = YES;
				GCC_WARN_UNINITIALIZED_AUTOS = YES_AGGRESSIVE;
				GCC_WARN_UNUSED_FUNCTION = YES;
				GCC_WARN_UNUSED_VARIABLE = YES;
				IPHONEOS_DEPLOYMENT_TARGET = 17.0;
				LOCALIZATION_PREFERS_STRING_CATALOGS = YES;
				MTL_ENABLE_DEBUG_INFO = NO;
				MTL_FAST_MATH = YES;
				SDKROOT = iphoneos;
				SWIFT_COMPILATION_MODE = wholemodule;
				VALIDATE_PRODUCT = YES;
			};
			name = Release;
		};
		D3B83C122B1632B6002BFE80 /* Debug */ = {
			isa = XCBuildConfiguration;
			buildSettings = {
				ASSETCATALOG_COMPILER_APPICON_NAME = AppIcon;
				ASSETCATALOG_COMPILER_GLOBAL_ACCENT_COLOR_NAME = AccentColor;
				CODE_SIGN_STYLE = Automatic;
				CURRENT_PROJECT_VERSION = 1;
				DEVELOPMENT_ASSET_PATHS = "\"router-swiftui/Preview Content\"";
				DEVELOPMENT_TEAM = H7WVAG4L8E;
				ENABLE_PREVIEWS = YES;
				GENERATE_INFOPLIST_FILE = YES;
				INFOPLIST_KEY_UIApplicationSceneManifest_Generation = YES;
				INFOPLIST_KEY_UIApplicationSupportsIndirectInputEvents = YES;
				INFOPLIST_KEY_UILaunchScreen_Generation = YES;
				INFOPLIST_KEY_UISupportedInterfaceOrientations_iPad = "UIInterfaceOrientationPortrait UIInterfaceOrientationPortraitUpsideDown UIInterfaceOrientationLandscapeLeft UIInterfaceOrientationLandscapeRight";
				INFOPLIST_KEY_UISupportedInterfaceOrientations_iPhone = "UIInterfaceOrientationPortrait UIInterfaceOrientationLandscapeLeft UIInterfaceOrientationLandscapeRight";
				LD_RUNPATH_SEARCH_PATHS = (
					"$(inherited)",
					"@executable_path/Frameworks",
				);
				MARKETING_VERSION = 1.0;
				PRODUCT_BUNDLE_IDENTIFIER = "com.jeffreyjackson.router-swiftui";
				PRODUCT_NAME = "$(TARGET_NAME)";
				SWIFT_EMIT_LOC_STRINGS = YES;
				SWIFT_VERSION = 5.0;
				TARGETED_DEVICE_FAMILY = "1,2";
			};
			name = Debug;
		};
		D3B83C132B1632B6002BFE80 /* Release */ = {
			isa = XCBuildConfiguration;
			buildSettings = {
				ASSETCATALOG_COMPILER_APPICON_NAME = AppIcon;
				ASSETCATALOG_COMPILER_GLOBAL_ACCENT_COLOR_NAME = AccentColor;
				CODE_SIGN_STYLE = Automatic;
				CURRENT_PROJECT_VERSION = 1;
				DEVELOPMENT_ASSET_PATHS = "\"router-swiftui/Preview Content\"";
				DEVELOPMENT_TEAM = H7WVAG4L8E;
				ENABLE_PREVIEWS = YES;
				GENERATE_INFOPLIST_FILE = YES;
				INFOPLIST_KEY_UIApplicationSceneManifest_Generation = YES;
				INFOPLIST_KEY_UIApplicationSupportsIndirectInputEvents = YES;
				INFOPLIST_KEY_UILaunchScreen_Generation = YES;
				INFOPLIST_KEY_UISupportedInterfaceOrientations_iPad = "UIInterfaceOrientationPortrait UIInterfaceOrientationPortraitUpsideDown UIInterfaceOrientationLandscapeLeft UIInterfaceOrientationLandscapeRight";
				INFOPLIST_KEY_UISupportedInterfaceOrientations_iPhone = "UIInterfaceOrientationPortrait UIInterfaceOrientationLandscapeLeft UIInterfaceOrientationLandscapeRight";
				LD_RUNPATH_SEARCH_PATHS = (
					"$(inherited)",
					"@executable_path/Frameworks",
				);
				MARKETING_VERSION = 1.0;
				PRODUCT_BUNDLE_IDENTIFIER = "com.jeffreyjackson.router-swiftui";
				PRODUCT_NAME = "$(TARGET_NAME)";
				SWIFT_EMIT_LOC_STRINGS = YES;
				SWIFT_VERSION = 5.0;
				TARGETED_DEVICE_FAMILY = "1,2";
			};
			name = Release;
		};
		D3B83C152B1632B6002BFE80 /* Debug */ = {
			isa = XCBuildConfiguration;
			buildSettings = {
				ALWAYS_EMBED_SWIFT_STANDARD_LIBRARIES = YES;
				BUNDLE_LOADER = "$(TEST_HOST)";
				CODE_SIGN_STYLE = Automatic;
				CURRENT_PROJECT_VERSION = 1;
				DEVELOPMENT_TEAM = H7WVAG4L8E;
				GENERATE_INFOPLIST_FILE = YES;
				IPHONEOS_DEPLOYMENT_TARGET = 17.0;
				MARKETING_VERSION = 1.0;
				PRODUCT_BUNDLE_IDENTIFIER = "com.jeffreyjackson.router-swiftuiTests";
				PRODUCT_NAME = "$(TARGET_NAME)";
				SWIFT_EMIT_LOC_STRINGS = NO;
				SWIFT_VERSION = 5.0;
				TARGETED_DEVICE_FAMILY = "1,2";
				TEST_HOST = "$(BUILT_PRODUCTS_DIR)/router-swiftui.app/$(BUNDLE_EXECUTABLE_FOLDER_PATH)/router-swiftui";
			};
			name = Debug;
		};
		D3B83C162B1632B6002BFE80 /* Release */ = {
			isa = XCBuildConfiguration;
			buildSettings = {
				ALWAYS_EMBED_SWIFT_STANDARD_LIBRARIES = YES;
				BUNDLE_LOADER = "$(TEST_HOST)";
				CODE_SIGN_STYLE = Automatic;
				CURRENT_PROJECT_VERSION = 1;
				DEVELOPMENT_TEAM = H7WVAG4L8E;
				GENERATE_INFOPLIST_FILE = YES;
				IPHONEOS_DEPLOYMENT_TARGET = 17.0;
				MARKETING_VERSION = 1.0;
				PRODUCT_BUNDLE_IDENTIFIER = "com.jeffreyjackson.router-swiftuiTests";
				PRODUCT_NAME = "$(TARGET_NAME)";
				SWIFT_EMIT_LOC_STRINGS = NO;
				SWIFT_VERSION = 5.0;
				TARGETED_DEVICE_FAMILY = "1,2";
				TEST_HOST = "$(BUILT_PRODUCTS_DIR)/router-swiftui.app/$(BUNDLE_EXECUTABLE_FOLDER_PATH)/router-swiftui";
			};
			name = Release;
		};
		D3B83C182B1632B6002BFE80 /* Debug */ = {
			isa = XCBuildConfiguration;
			buildSettings = {
				ALWAYS_EMBED_SWIFT_STANDARD_LIBRARIES = YES;
				CODE_SIGN_STYLE = Automatic;
				CURRENT_PROJECT_VERSION = 1;
				DEVELOPMENT_TEAM = H7WVAG4L8E;
				GENERATE_INFOPLIST_FILE = YES;
				MARKETING_VERSION = 1.0;
				PRODUCT_BUNDLE_IDENTIFIER = "com.jeffreyjackson.router-swiftuiUITests";
				PRODUCT_NAME = "$(TARGET_NAME)";
				SWIFT_EMIT_LOC_STRINGS = NO;
				SWIFT_VERSION = 5.0;
				TARGETED_DEVICE_FAMILY = "1,2";
				TEST_TARGET_NAME = "router-swiftui";
			};
			name = Debug;
		};
		D3B83C192B1632B6002BFE80 /* Release */ = {
			isa = XCBuildConfiguration;
			buildSettings = {
				ALWAYS_EMBED_SWIFT_STANDARD_LIBRARIES = YES;
				CODE_SIGN_STYLE = Automatic;
				CURRENT_PROJECT_VERSION = 1;
				DEVELOPMENT_TEAM = H7WVAG4L8E;
				GENERATE_INFOPLIST_FILE = YES;
				MARKETING_VERSION = 1.0;
				PRODUCT_BUNDLE_IDENTIFIER = "com.jeffreyjackson.router-swiftuiUITests";
				PRODUCT_NAME = "$(TARGET_NAME)";
				SWIFT_EMIT_LOC_STRINGS = NO;
				SWIFT_VERSION = 5.0;
				TARGETED_DEVICE_FAMILY = "1,2";
				TEST_TARGET_NAME = "router-swiftui";
			};
			name = Release;
		};
/* End XCBuildConfiguration section */

/* Begin XCConfigurationList section */
		D3B83BE82B1632B5002BFE80 /* Build configuration list for PBXProject "router-swiftui" */ = {
			isa = XCConfigurationList;
			buildConfigurations = (
				D3B83C0F2B1632B6002BFE80 /* Debug */,
				D3B83C102B1632B6002BFE80 /* Release */,
			);
			defaultConfigurationIsVisible = 0;
			defaultConfigurationName = Release;
		};
		D3B83C112B1632B6002BFE80 /* Build configuration list for PBXNativeTarget "router-swiftui" */ = {
			isa = XCConfigurationList;
			buildConfigurations = (
				D3B83C122B1632B6002BFE80 /* Debug */,
				D3B83C132B1632B6002BFE80 /* Release */,
			);
			defaultConfigurationIsVisible = 0;
			defaultConfigurationName = Release;
		};
		D3B83C142B1632B6002BFE80 /* Build configuration list for PBXNativeTarget "router-swiftuiTests" */ = {
			isa = XCConfigurationList;
			buildConfigurations = (
				D3B83C152B1632B6002BFE80 /* Debug */,
				D3B83C162B1632B6002BFE80 /* Release */,
			);
			defaultConfigurationIsVisible = 0;
			defaultConfigurationName = Release;
		};
		D3B83C172B1632B6002BFE80 /* Build configuration list for PBXNativeTarget "router-swiftuiUITests" */ = {
			isa = XCConfigurationList;
			buildConfigurations = (
				D3B83C182B1632B6002BFE80 /* Debug */,
				D3B83C192B1632B6002BFE80 /* Release */,
			);
			defaultConfigurationIsVisible = 0;
			defaultConfigurationName = Release;
		};
/* End XCConfigurationList section */
	};
	rootObject = D3B83BE52B1632B5002BFE80 /* Project object */;
}
